
Microsoft Visual Studio Solution File, Format Version 12.00
# Visual Studio 15
Project("{FAE04EC0-301F-11D3-BF4B-00C04F79EFBC}") = "Assembly-CSharp", "Assembly-CSharp.csproj", "{FAD1CE39-5DD6-DD41-3131-640EE98A3187}"
EndProject
Project("{FAE04EC0-301F-11D3-BF4B-00C04F79EFBC}") = "Assembly-CSharp-firstpass", "Assembly-CSharp-firstpass.csproj", "{EF0E8E66-7BF7-E364-A229-252F8B1D6239}"
EndProject
Global
	GlobalSection(SolutionConfigurationPlatforms) = preSolution
		Debug|Any CPU = Debug|Any CPU
		Release|Any CPU = Release|Any CPU
	EndGlobalSection
	GlobalSection(ProjectConfigurationPlatforms) = postSolution
		{FAD1CE39-5DD6-DD41-3131-640EE98A3187}.Debug|Any CPU.ActiveCfg = Debug|Any CPU
		{FAD1CE39-5DD6-DD41-3131-640EE98A3187}.Debug|Any CPU.Build.0 = Debug|Any CPU
		{FAD1CE39-5DD6-DD41-3131-640EE98A3187}.Release|Any CPU.ActiveCfg = Release|Any CPU
		{FAD1CE39-5DD6-DD41-3131-640EE98A3187}.Release|Any CPU.Build.0 = Release|Any CPU
		{EF0E8E66-7BF7-E364-A229-252F8B1D6239}.Debug|Any CPU.ActiveCfg = Debug|Any CPU
		{EF0E8E66-7BF7-E364-A229-252F8B1D6239}.Debug|Any CPU.Build.0 = Debug|Any CPU
		{EF0E8E66-7BF7-E364-A229-252F8B1D6239}.Release|Any CPU.ActiveCfg = Release|Any CPU
		{EF0E8E66-7BF7-E364-A229-252F8B1D6239}.Release|Any CPU.Build.0 = Release|Any CPU
	EndGlobalSection
	GlobalSection(SolutionProperties) = preSolution
		HideSolutionNode = FALSE
	EndGlobalSection
EndGlobal
